{
    "version": 3,
    "terraform_version": "0.11.14",
    "serial": 1,
    "lineage": "6678dd35-a265-35d6-f061-f404f48f3c64",
    "modules": [
        {
            "path": [
                "root"
            ],
            "outputs": {
                "org_id": {
                    "sensitive": false,
                    "type": "string",
                    "value": "terrasnek_created_by_unittest"
                }
            },
            "resources": {
                "tfe_org.org": {
                    "type": "tfe_org",
                    "depends_on": [],
                    "primary": {
                        "id": "terrasnek_created_by_unittest",
                        "attributes": {
                            "collaborator_auth_policy": "password",
                            "email": "neil.dahlke@gmail.com",
                            "id": "terrasnek_created_by_unittest",
                            "name": "terrasnek_created_by_unittest",
                            "owners_team_saml_role_id": "",
                            "session_remember_minutes": "0",
                            "session_timeout_minutes": "0"
                        },
                        "meta": {},
                        "tainted": false
                    },
                    "deposed": [],
                    "provider": "provider.tfe"
                }
            },
            "depends_on": []
        }
    ]
}
